
Microsoft Visual Studio Solution File, Format Version 12.00
# Visual Studio 15
VisualStudioVersion = 15.0.28307.421
MinimumVisualStudioVersion = 10.0.40219.1
Project("{FAE04EC0-301F-11D3-BF4B-00C04F79EFBC}") = "ServiceStore", "ServiceStore\ServiceStore.csproj", "{F54AA6CC-125E-4912-B6E8-B04E7455EC21}"
EndProject
Global
	GlobalSection(SolutionConfigurationPlatforms) = preSolution
		Debug|Any CPU = Debug|Any CPU
		Release|Any CPU = Release|Any CPU
	EndGlobalSection
	GlobalSection(ProjectConfigurationPlatforms) = postSolution
		{F54AA6CC-125E-4912-B6E8-B04E7455EC21}.Debug|Any CPU.ActiveCfg = Debug|Any CPU
		{F54AA6CC-125E-4912-B6E8-B04E7455EC21}.Debug|Any CPU.Build.0 = Debug|Any CPU
		{F54AA6CC-125E-4912-B6E8-B04E7455EC21}.Release|Any CPU.ActiveCfg = Release|Any CPU
		{F54AA6CC-125E-4912-B6E8-B04E7455EC21}.Release|Any CPU.Build.0 = Release|Any CPU
	EndGlobalSection
	GlobalSection(SolutionProperties) = preSolution
		HideSolutionNode = FALSE
	EndGlobalSection
	GlobalSection(ExtensibilityGlobals) = postSolution
		SolutionGuid = {1E778337-C33D-4FD2-8595-3CEDD28CDB59}
	EndGlobalSection
EndGlobal
